dependencies:
- name: postgresql
  repository: https://charts.bitnami.com/bitnami
  version: 10.4.8
- name: redis
  repository: https://charts.bitnami.com/bitnami
  version: 14.2.1
digest: sha256:400dc8c7d3450f4f2cb2e7be70688092634a00c177771988bd03c0ec13d290d8
generated: "2021-05-27T11:09:15.228491774-04:00"
