dependencies:
- name: postgresql
  repository: https://charts.bitnami.com/bitnami
  version: 10.1.4
- name: redis
  repository: https://charts.bitnami.com/bitnami
  version: 12.2.1
digest: sha256:da4aae241902e639e427f93c376d0e2661a5cba12a957a99a3dd31521ea0a878
generated: "2020-12-11T11:46:18.578823871-05:00"
