dependencies:
- name: postgresql
  repository: https://charts.bitnami.com/bitnami
  version: 11.6.17
- name: redis
  repository: https://charts.bitnami.com/bitnami
  version: 17.0.2
digest: sha256:48a640246413abb68ab975288b8b60e30b1555852a4b6dbbe22e900dc25c8ab5
generated: "2022-07-19T20:55:16.152996462-04:00"
